github.com/andybalholm/brotli v1.2.2 h1:HzTuoo2ErYQqf5qvcJInB8uvqSVxRttzkFexPWtnceM=
github.com/andybalholm/brotli v1.2.2/go.mod h1:rzTDkvFWvIrjDXZHkuS16NPggd91W3kUSvPlQ1pLaKY=
github.com/apache/arrow-go/v18 v18.7.0 h1:Vw/i+cJyebUofT7JlqFpe65LrmwxULn166jjwStM4HY=
github.com/apache/arrow-go/v18 v18.7.0/go.mod h1:PM6IigLJkdMwIpeHXnymo+xZ52f42a9EYiLtRel4p/A=
github.com/apache/thrift v0.24.0 h1:zy31L1a49QTNB2bG1BBfMXol3yJrTH975G3pPubQVLQ=
github.com/apache/thrift v0.24.0/go.mod h1:zPt6WxgvTOM6hF92y8C+MkEM5LMxZuk4JcQOiU4Esvs=
github.com/cespare/xxhash/v2 v2.3.0 h1:UL815xU9SqsFlibzuggzjXhog7bL6oX9BbNZnL2UFvs=
github.com/cespare/xxhash/v2 v2.3.0/go.mod h1:VGX0DQ3Q6kWi7AoAeZDth3/j3BFtOZR5XLFGgcrjCOs=
github.com/expr-lang/expr v1.17.8 h1:W1loDTT+0PQf5YteHSTpju2qfUfNoBt4yw9+wOEU9VM=
github.com/expr-lang/expr v1.17.8/go.mod h1:8/vRC7+7HBzESEqt5kKpYXxrxkr31SaO8r40VO/1IT4=
github.com/go-logr/logr v1.2.2/go.mod h1:jdQByPbusPIv2/zmleS9BjJVeZ6kBagPoEUsqbVz/1A=
github.com/go-logr/logr v1.4.4 h1:tG4xh9yMsRCAiodLVTxyrkzSZ9+o0L1Kg/+cPVcbP/8=
github.com/go-logr/logr v1.4.4/go.mod h1:9T104GzyrTigFIr8wt5mBrctHMim0Nb2HLGrmQ40KvY=
github.com/go-logr/stdr v1.2.2 h1:hSWxHoqTgW2S2qGc0LTAI563KZ5YKYRhT3MFKZMbjag=
github.com/go-logr/stdr v1.2.2/go.mod h1:mMo/vtBO5dYbehREoey6XUKy/eSumjCCveDpRre4VKE=
github.com/goccy/go-json v0.10.6 h1:p8HrPJzOakx/mn/bQtjgNjdTcN+/S6FcG2CTtQOrHVU=
github.com/goccy/go-json v0.10.6/go.mod h1:oq7eo15ShAhp70Anwd5lgX2pLfOS3QCiwU/PULtXL6M=
github.com/golang/protobuf v1.5.4 h1:i7eJL8qZTpSEXOPTxNKhASYpMn+8e5Q6AdndVa1dWek=
github.com/golang/protobuf v1.5.4/go.mod h1:lnTiLA8Wa4RWRcIUkrtSVa5nRhsEGBg48fD6rSs7xps=
github.com/google/flatbuffers v25.12.19+incompatible h1:haMV2JRRJCe1998HeW/p0X9UaMTK6SDo0ffLn2+DbLs=
github.com/google/flatbuffers v25.12.19+incompatible/go.mod h1:1AeVuKshWv4vARoZatz6mlQ0JxURH0Kv5+zNeJKJCa8=
github.com/google/go-cmp v0.7.0 h1:wk8382ETsv4JYUZwIsn6YpYiWiBsYLSJiTsyBybVuN8=
github.com/google/go-cmp v0.7.0/go.mod h1:pXiqmnSA92OHEEa9HXL2W4E7lf9JzCmGVUdgjX3N/iU=
github.com/google/jsonschema-go v0.4.3 h1:/DBOLZTfDow7pe2GmaJNhltueGTtDKICi8V8p+DQPd0=
github.com/google/jsonschema-go v0.4.3/go.mod h1:r5quNTdLOYEz95Ru18zA0ydNbBuYoo9tgaYcxEYhJVE=
github.com/google/uuid v1.6.0 h1:NIvaJDMOsjHA8n1jAhLSgzrAzy1Hgr+hNrb57e+94F0=
github.com/google/uuid v1.6.0/go.mod h1:TIyPZe4MgqvfeYDBFedMoGGpEw/LqOeaOT+nhxU+yHo=
github.com/klauspost/compress v1.19.0 h1:sXLILfc9jV2QYWkzFOPWStmcUVH2RHEB1JCdY2oVvCQ=
github.com/klauspost/compress v1.19.0/go.mod h1:cwPg85FWrGar70rWktvGQj8/hthj3wpl0PGDogxkrSQ=
github.com/klauspost/cpuid/v2 v2.4.0 h1:S6Hrbc7+ywsr0r+RLapfGBHfyefhCTwEh3A0tV913Dw=
github.com/klauspost/cpuid/v2 v2.4.0/go.mod h1:19jmZ9mjzoF//ddRSUsv0zfBTJWh3QJh9FNxZTMrGxU=
github.com/modelcontextprotocol/go-sdk v1.7.0 h1:yqjY2dsbKAC0LSuWZVBMrHgiG8ukXv6NRo0JiALay44=
github.com/modelcontextprotocol/go-sdk v1.7.0/go.mod h1:dL7u98E/zjJTGzEq+j30jQ8K2k1mb6LeAH4inEcSGts=
github.com/pierrec/lz4/v4 v4.1.27 h1:+PhzhWDrjRj89TH2sw43nE3+4+W8lSxIuQadEHZyjUk=
github.com/pierrec/lz4/v4 v4.1.27/go.mod h1:EoQMVJgeeEOMsCqCzqFm2O0cJvljX2nGZjcRIPL34O4=
github.com/richardlehane/mscfb v1.0.7 h1:oeoiM0WE79vHwE8RpIYYvIAc8ajTH2mb6UZm55/+EB0=
github.com/richardlehane/mscfb v1.0.7/go.mod h1:pe0+IUIc0AHh0+teNzBlJCtSyZdFOGgV4ZK9bsoV+Jo=
github.com/richardlehane/msoleps v1.0.6 h1:9BvkpjvD+iUBalUY4esMwv6uBkfOip/Lzvd93jvR9gg=
github.com/richardlehane/msoleps v1.0.6/go.mod h1:BWev5JBpU9Ko2WAgmZEuiz4/u3ZYTKbjLycmwiWUfWg=
github.com/santhosh-tekuri/jsonschema/v6 v6.0.2 h1:KRzFb2m7YtdldCEkzs6KqmJw4nqEVZGK7IN2kJkjTuQ=
github.com/santhosh-tekuri/jsonschema/v6 v6.0.2/go.mod h1:JXeL+ps8p7/KNMjDQk3TCwPpBy0wYklyWTfbkIzdIFU=
github.com/segmentio/asm v1.1.3 h1:WM03sfUOENvvKexOLp+pCqgb/WDjsi7EK8gIsICtzhc=
github.com/segmentio/asm v1.1.3/go.mod h1:Ld3L4ZXGNcSLRg4JBsZ3//1+f/TjYl0Mzen/DQy1EJg=
github.com/segmentio/encoding v0.5.4 h1:OW1VRern8Nw6ITAtwSZ7Idrl3MXCFwXHPgqESYfvNt0=
github.com/segmentio/encoding v0.5.4/go.mod h1:HS1ZKa3kSN32ZHVZ7ZLPLXWvOVIiZtyJnO1gPH1sKt0=
github.com/spf13/afero v1.15.0 h1:b/YBCLWAJdFWJTN9cLhiXXcD7mzKn9Dm86dNnfyQw1I=
github.com/spf13/afero v1.15.0/go.mod h1:NC2ByUVxtQs4b3sIUphxK0NioZnmxgyCrfzeuq8lxMg=
github.com/stretchr/objx v0.5.2 h1:xuMeJ0Sdp5ZMRXx/aWO6RZxdr3beISkG5/G/aIRr3pY=
github.com/stretchr/objx v0.5.2/go.mod h1:FRsXN1f5AsAjCGJKqEizvkpNtU+EGNCLh3NxZ/8L+MA=
github.com/stretchr/testify v1.12.1 h1:EuwCh5fleGS7H32xRwO3wRGT7DxrDhLAT6FF8MpWDWE=
github.com/stretchr/testify v1.12.1/go.mod h1:MDEgiDPPsNp5cuIrHPPCyornHKgEVbtFUmoNlxoYthg=
github.com/tiendc/go-deepcopy v1.7.2 h1:Ut2yYR7W9tWjTQitganoIue4UGxZwCcJy3orjrrIj44=
github.com/tiendc/go-deepcopy v1.7.2/go.mod h1:4bKjNC2r7boYOkD2IOuZpYjmlDdzjbpTRyCx+goBCJQ=
github.com/xuri/efp v0.0.1 h1:fws5Rv3myXyYni8uwj2qKjVaRP30PdjeYe2Y6FDsCL8=
github.com/xuri/efp v0.0.1/go.mod h1:ybY/Jr0T0GTCnYjKqmdwxyxn2BQf2RcQIIvex5QldPI=
github.com/xuri/excelize/v2 v2.11.0 h1:HxaEFl6sRN2+8J5a8HaKq+0M4FsjBGMnWWtjOCPSG88=
github.com/xuri/excelize/v2 v2.11.0/go.mod h1:jxFLbzaIwGQ5ufFNvYfUOHqXhfPaNmP14KWfmNz2Uak=
github.com/xuri/nfp v0.0.2-0.20250530014748-2ddeb826f9a9 h1:+C0TIdyyYmzadGaL/HBLbf3WdLgC29pgyhTjAT/0nuE=
github.com/xuri/nfp v0.0.2-0.20250530014748-2ddeb826f9a9/go.mod h1:WwHg+CVyzlv/TX9xqBFXEZAuxOPxn2k1GNHwG41IIUQ=
github.com/xyproto/randomstring v1.0.5 h1:YtlWPoRdgMu3NZtP45drfy1GKoojuR7hmRcnhZqKjWU=
github.com/xyproto/randomstring v1.0.5/go.mod h1:rgmS5DeNXLivK7YprL0pY+lTuhNQW3iGxZ18UQApw/E=
github.com/yosida95/uritemplate/v3 v3.0.2 h1:Ed3Oyj9yrmi9087+NczuL5BwkIc4wvTb5zIM+UJPGz4=
github.com/yosida95/uritemplate/v3 v3.0.2/go.mod h1:ILOh0sOhIJR3+L/8afwt/kE++YT040gmv5BQTMR2HP4=
github.com/zeebo/assert v1.3.0 h1:g7C04CbJuIDKNPFHmsk4hwZDO5O+kntRxzaUoNXj+IQ=
github.com/zeebo/assert v1.3.0/go.mod h1:Pq9JiuJQpG8JLJdtkwrJESF0Foym2/D9XMU5ciN/wJ0=
github.com/zeebo/xxh3 v1.1.0 h1:s7DLGDK45Dyfg7++yxI0khrfwq9661w9EN78eP/UZVs=
github.com/zeebo/xxh3 v1.1.0/go.mod h1:IisAie1LELR4xhVinxWS5+zf1lA4p0MW4T+w+W07F5s=
go.opentelemetry.io/auto/sdk v1.2.1 h1:jXsnJ4Lmnqd11kwkBV2LgLoFMZKizbCi5fNZ/ipaZ64=
go.opentelemetry.io/auto/sdk v1.2.1/go.mod h1:KRTj+aOaElaLi+wW1kO/DZRXwkF4C5xPbEe3ZiIhN7Y=
go.opentelemetry.io/otel v1.47.0 h1:j7ALJ/zgkS7Z6aeJW09p8VC9804bC+PpeTfCD4XPnOM=
go.opentelemetry.io/otel v1.47.0/go.mod h1:8wS9O2qfXrYrzp6hIF/HOYJJf/wIhFPhR2xLuP+iXQU=
go.opentelemetry.io/otel/log v1.47.0 h1:cOTS1CcLbSQeZKanGJ+0JpF/+t4PELi3O3bbl2lqCcI=
go.opentelemetry.io/otel/log v1.47.0/go.mod h1:9byitSQ5pLC6PpqwGXjqdMKya6ZTswHRZh2vvXT33nw=
go.opentelemetry.io/otel/metric v1.47.0 h1:4PptaldXx3Eat1XjMZ68pPJEs5wrhlemctZE9a3UdWY=
go.opentelemetry.io/otel/metric v1.47.0/go.mod h1:ADGSXxRrXM6bjbvLo535EstVFlPpPYZm4LBKixjDHwU=
go.opentelemetry.io/otel/metric/x v0.68.0 h1:TA/cBT23D3MnxYPwHL7YFOdYGdx0A0v+s7Mzotpd1dU=
go.opentelemetry.io/otel/metric/x v0.68.0/go.mod h1:agudOmvWhwUTjgibWDzxD2PoWYnpw5Ht5jISYOD2Hd4=
go.opentelemetry.io/otel/sdk v1.46.0 h1:h5CNQQjEbuQXY/JfZtgt3i7HVFV3aHPO2OAwO2eTYPI=
go.opentelemetry.io/otel/sdk v1.46.0/go.mod h1:GAERFXFt5SYCEB+YiKUbMBeza6UaDH7GmGOZEfh2gSM=
go.opentelemetry.io/otel/sdk/metric v1.46.0 h1:0piZ26EG4RBfebb2jhDH6ERCYHoVWduc3kLgPCwSnSE=
go.opentelemetry.io/otel/sdk/metric v1.46.0/go.mod h1:I1PbKrdVc8Qu8HYVDNtqVIwLwjNrhsV/uFuxfwg8mO4=
go.opentelemetry.io/otel/trace v1.47.0 h1:JOjX/Oci8K94QHddo+bbfya/Ai/nf6/dt9ZfrFNWSrM=
go.opentelemetry.io/otel/trace v1.47.0/go.mod h1:jNaSLa2PZEYFG6fRjJABAu+bw4FS08uDmPg28lTghu0=
go.uber.org/goleak v1.3.0 h1:2K3zAYmnTNqV73imy9J1T3WC+gmCePx2hEGkimedGto=
go.uber.org/goleak v1.3.0/go.mod h1:CoHD4mav9JJNrW/WLlf7HGZPjdw8EucARQHekz1X6bE=
go.yaml.in/yaml/v3 v3.0.5 h1:N6y/pJk8buWs9NY5ERU2HSMfm+IuD/OtfdAnq6kESPw=
go.yaml.in/yaml/v3 v3.0.5/go.mod h1:HVTZu1O7/Vkt2N+BFy8Zza+lnLsABggaTM2ZpNIGuKg=
golang.org/x/crypto v0.53.0 h1:QZ4Muo8THX6CizN2vPPd5fBGHyogrdK9fG4wLPFUsto=
golang.org/x/crypto v0.53.0/go.mod h1:DNLU434OwVakk9PzuwV8w62mAJpRJL3vsgcfp4Qnsio=
golang.org/x/exp v0.0.0-20260112195511-716be5621a96 h1:Z/6YuSHTLOHfNFdb8zVZomZr7cqNgTJvA8+Qz75D8gU=
golang.org/x/exp v0.0.0-20260112195511-716be5621a96/go.mod h1:nzimsREAkjBCIEFtHiYkrJyT+2uy9YZJB7H1k68CXZU=
golang.org/x/image v0.38.0 h1:5l+q+Y9JDC7mBOMjo4/aPhMDcxEptsX+Tt3GgRQRPuE=
golang.org/x/image v0.38.0/go.mod h1:/3f6vaXC+6CEanU4KJxbcUZyEePbyKbaLoDOe4ehFYY=
golang.org/x/net v0.56.0 h1:Rw8j/hFzGvJUZwNBXnAtf5sVDVt+65SK2C7IxCxZt5o=
golang.org/x/net v0.56.0/go.mod h1:D3Ku6r+V6JROoZK144D2XfMHFcMq/0zSfLelVTCFKec=
golang.org/x/oauth2 v0.36.0 h1:peZ/1z27fi9hUOFCAZaHyrpWG5lwe0RJEEEeH0ThlIs=
golang.org/x/oauth2 v0.36.0/go.mod h1:YDBUJMTkDnJS+A4BP4eZBjCqtokkg1hODuPjwiGPO7Q=
golang.org/x/sync v0.22.0 h1:SZjpbeLmrCk4xhRSZFNZW5gFUeCeFgjekvI/+gfScek=
golang.org/x/sync v0.22.0/go.mod h1:9xrNwdLfx4jkKbNva9FpL6vEN7evnE43NNNJQ2LF3+0=
golang.org/x/sys v0.47.0 h1:o7XGOvZQCADBQQ4Y7VNq2dRWQR7JmOUW8Kxx4ZsNgWs=
golang.org/x/sys v0.47.0/go.mod h1:4GL1E5IUh+htKOUEOaiffhrAeqysfVGipDYzABqnCmw=
golang.org/x/text v0.38.0 h1:sXmwo9DwP3OK9EZ7PqAdaooSGozfl/3a6/xJcbzPRhE=
golang.org/x/text v0.38.0/go.mod h1:YXZt3QhHUKYT53r2lLKFIVi6Ao1jdzrTR/KQ09qyxF4=
golang.org/x/time v0.15.0 h1:bbrp8t3bGUeFOx08pvsMYRTCVSMk89u4tKbNOZbp88U=
golang.org/x/time v0.15.0/go.mod h1:Y4YMaQmXwGQZoFaVFk4YpCt4FLQMYKZe9oeV/f4MSno=
gonum.org/v1/gonum v0.17.0 h1:VbpOemQlsSMrYmn7T2OUvQ4dqxQXU+ouZFQsZOx50z4=
gonum.org/v1/gonum v0.17.0/go.mod h1:El3tOrEuMpv2UdMrbNlKEh9vd86bmQ6vqIcDwxEOc1E=
google.golang.org/genproto/googleapis/rpc v0.0.0-20260414002931-afd174a4e478 h1:RmoJA1ujG+/lRGNfUnOMfhCy5EipVMyvUE+KNbPbTlw=
google.golang.org/genproto/googleapis/rpc v0.0.0-20260414002931-afd174a4e478/go.mod h1:4Hqkh8ycfw05ld/3BWL7rJOSfebL2Q+DVDeRgYgxUU8=
google.golang.org/grpc v1.82.0 h1:vguDnZUPjE26w09A63VoxZPnvPjB5Riyc0mkXPFmAIU=
google.golang.org/grpc v1.82.0/go.mod h1:yzTZ1TB1Z3SG+LIYaI+WiE8D5+PZ3ArnrSp8zF3+/ZA=
google.golang.org/protobuf v1.36.11 h1:fV6ZwhNocDyBLK0dj+fg8ektcVegBBuEolpbTQyBNVE=
google.golang.org/protobuf v1.36.11/go.mod h1:HTf+CrKn2C3g5S8VImy6tdcUvCska2kB7j23XfzDpco=
